
Microsoft Visual Studio Solution File, Format Version 12.00
# Visual Studio Version 17
VisualStudioVersion = 17.4.33205.214
MinimumVisualStudioVersion = 10.0.40219.1
Project("{9A19103F-16F7-4668-BE54-9A1E7A4F7556}") = "app", "devfile-sample-dotnet60-basic\app.csproj", "{2D6CA349-FD24-4151-93CE-4EE476898B83}"
EndProject
Project("{FAE04EC0-301F-11D3-BF4B-00C04F79EFBC}") = "Dependency", "Dependency\Dependency.csproj", "{CA5BA1C8-6266-4A6B-B9C8-83777C2A79D6}"
EndProject
Global
	GlobalSection(SolutionConfigurationPlatforms) = preSolution
		Debug|Any CPU = Debug|Any CPU
		Release|Any CPU = Release|Any CPU
	EndGlobalSection
	GlobalSection(ProjectConfigurationPlatforms) = postSolution
		{2D6CA349-FD24-4151-93CE-4EE476898B83}.Debug|Any CPU.ActiveCfg = Debug|Any CPU
		{2D6CA349-FD24-4151-93CE-4EE476898B83}.Debug|Any CPU.Build.0 = Debug|Any CPU
		{2D6CA349-FD24-4151-93CE-4EE476898B83}.Release|Any CPU.ActiveCfg = Release|Any CPU
		{2D6CA349-FD24-4151-93CE-4EE476898B83}.Release|Any CPU.Build.0 = Release|Any CPU
		{CA5BA1C8-6266-4A6B-B9C8-83777C2A79D6}.Debug|Any CPU.ActiveCfg = Debug|Any CPU
		{CA5BA1C8-6266-4A6B-B9C8-83777C2A79D6}.Debug|Any CPU.Build.0 = Debug|Any CPU
		{CA5BA1C8-6266-4A6B-B9C8-83777C2A79D6}.Release|Any CPU.ActiveCfg = Release|Any CPU
		{CA5BA1C8-6266-4A6B-B9C8-83777C2A79D6}.Release|Any CPU.Build.0 = Release|Any CPU
	EndGlobalSection
	GlobalSection(SolutionProperties) = preSolution
		HideSolutionNode = FALSE
	EndGlobalSection
	GlobalSection(ExtensibilityGlobals) = postSolution
		SolutionGuid = {77421699-BB87-4843-97C5-F4AB7F372455}
	EndGlobalSection
EndGlobal
